// !$*UTF8*$!
{
	archiveVersion = 1;
	classes = {
	};
	objectVersion = 56;
	objects = {

/* Begin PBXBuildFile section */
		9B0AF0C42BD048E2009F893D /* FirstStepApp.swift in Sources */ = {isa = PBXBuildFile; fileRef = 9B0AF0C32BD048E2009F893D /* FirstStepApp.swift */; };
		9B0AF0C62BD048E2009F893D /* ContentView.swift in Sources */ = {isa = PBXBuildFile; fileRef = 9B0AF0C52BD048E2009F893D /* ContentView.swift */; };
		9B0AF0C82BD048E3009F893D /* Assets.xcassets in Resources */ = {isa = PBXBuildFile; fileRef = 9B0AF0C72BD048E3009F893D /* Assets.xcassets */; };
		9B0AF0CB2BD048E3009F893D /* Preview Assets.xcassets in Resources */ = {isa = PBXBuildFile; fileRef = 9B0AF0CA2BD048E3009F893D /* Preview Assets.xcassets */; };
		9B0AF0D22BD093BD009F893D /* Habits.swift in Sources */ = {isa = PBXBuildFile; fileRef = 9B0AF0D12BD093BD009F893D /* Habits.swift */; };
		9B21976D2BD1CFA8005F6813 /* UIView+Ext.swift in Sources */ = {isa = PBXBuildFile; fileRef = 9B21976C2BD1CFA8005F6813 /* UIView+Ext.swift */; };
		9B2197712BD1DC59005F6813 /* NewHabitView.swift in Sources */ = {isa = PBXBuildFile; fileRef = 9B2197702BD1DC59005F6813 /* NewHabitView.swift */; };
		9B2197732BD22C68005F6813 /* Color+Ext.swift in Sources */ = {isa = PBXBuildFile; fileRef = 9B2197722BD22C68005F6813 /* Color+Ext.swift */; };
		9B4474152BD3164500918836 /* ImagePicker.swift in Sources */ = {isa = PBXBuildFile; fileRef = 9B4474142BD3164500918836 /* ImagePicker.swift */; };
		9B4474172BD3898B00918836 /* CardView.swift in Sources */ = {isa = PBXBuildFile; fileRef = 9B4474162BD3898B00918836 /* CardView.swift */; };
		9B6D4BE62BE1CFC900CFAAC7 /* TextSize+Ext.swift in Sources */ = {isa = PBXBuildFile; fileRef = 9B6D4BE52BE1CFC900CFAAC7 /* TextSize+Ext.swift */; };
		9BD9CDA52BDB175A002C09D4 /* EditHabit.swift in Sources */ = {isa = PBXBuildFile; fileRef = 9BD9CDA42BDB175A002C09D4 /* EditHabit.swift */; };
		9BD9CDA72BDC76BF002C09D4 /* HabitSortView.swift in Sources */ = {isa = PBXBuildFile; fileRef = 9BD9CDA62BDC76BF002C09D4 /* HabitSortView.swift */; };
/* End PBXBuildFile section */

/* Begin PBXFileReference section */
		9B0AF0C02BD048E2009F893D /* FirstStep.app */ = {isa = PBXFileReference; explicitFileType = wrapper.application; includeInIndex = 0; path = FirstStep.app; sourceTree = BUILT_PRODUCTS_DIR; };
		9B0AF0C32BD048E2009F893D /* FirstStepApp.swift */ = {isa = PBXFileReference; lastKnownFileType = sourcecode.swift; path = FirstStepApp.swift; sourceTree = "<group>"; };
		9B0AF0C52BD048E2009F893D /* ContentView.swift */ = {isa = PBXFileReference; lastKnownFileType = sourcecode.swift; path = ContentView.swift; sourceTree = "<group>"; };
		9B0AF0C72BD048E3009F893D /* Assets.xcassets */ = {isa = PBXFileReference; lastKnownFileType = folder.assetcatalog; path = Assets.xcassets; sourceTree = "<group>"; };
		9B0AF0CA2BD048E3009F893D /* Preview Assets.xcassets */ = {isa = PBXFileReference; lastKnownFileType = folder.assetcatalog; path = "Preview Assets.xcassets"; sourceTree = "<group>"; };
		9B0AF0D12BD093BD009F893D /* Habits.swift */ = {isa = PBXFileReference; lastKnownFileType = sourcecode.swift; path = Habits.swift; sourceTree = "<group>"; };
		9B21976C2BD1CFA8005F6813 /* UIView+Ext.swift */ = {isa = PBXFileReference; lastKnownFileType = sourcecode.swift; path = "UIView+Ext.swift"; sourceTree = "<group>"; };
		9B2197702BD1DC59005F6813 /* NewHabitView.swift */ = {isa = PBXFileReference; lastKnownFileType = sourcecode.swift; path = NewHabitView.swift; sourceTree = "<group>"; };
		9B2197722BD22C68005F6813 /* Color+Ext.swift */ = {isa = PBXFileReference; lastKnownFileType = sourcecode.swift; path = "Color+Ext.swift"; sourceTree = "<group>"; };
		9B4474142BD3164500918836 /* ImagePicker.swift */ = {isa = PBXFileReference; lastKnownFileType = sourcecode.swift; path = ImagePicker.swift; sourceTree = "<group>"; };
		9B4474162BD3898B00918836 /* CardView.swift */ = {isa = PBXFileReference; lastKnownFileType = sourcecode.swift; path = CardView.swift; sourceTree = "<group>"; };
		9B6D4BE52BE1CFC900CFAAC7 /* TextSize+Ext.swift */ = {isa = PBXFileReference; lastKnownFileType = sourcecode.swift; path = "TextSize+Ext.swift"; sourceTree = "<group>"; };
		9BD9CDA42BDB175A002C09D4 /* EditHabit.swift */ = {isa = PBXFileReference; lastKnownFileType = sourcecode.swift; path = EditHabit.swift; sourceTree = "<group>"; };
		9BD9CDA62BDC76BF002C09D4 /* HabitSortView.swift */ = {isa = PBXFileReference; lastKnownFileType = sourcecode.swift; path = HabitSortView.swift; sourceTree = "<group>"; };
/* End PBXFileReference section */

/* Begin PBXFrameworksBuildPhase section */
		9B0AF0BD2BD048E2009F893D /* Frameworks */ = {
			isa = PBXFrameworksBuildPhase;
			buildActionMask = 2147483647;
			files = (
			);
			runOnlyForDeploymentPostprocessing = 0;
		};
/* End PBXFrameworksBuildPhase section */

/* Begin PBXGroup section */
		9B0AF0B72BD048E2009F893D = {
			isa = PBXGroup;
			children = (
				9B0AF0C22BD048E2009F893D /* FirstStep */,
				9B0AF0C12BD048E2009F893D /* Products */,
			);
			sourceTree = "<group>";
		};
		9B0AF0C12BD048E2009F893D /* Products */ = {
			isa = PBXGroup;
			children = (
				9B0AF0C02BD048E2009F893D /* FirstStep.app */,
			);
			name = Products;
			sourceTree = "<group>";
		};
		9B0AF0C22BD048E2009F893D /* FirstStep */ = {
			isa = PBXGroup;
			children = (
				9B21976B2BD1CF8C005F6813 /* Extensions */,
				9B2197642BD1CAC6005F6813 /* Utility */,
				9B2197622BD1CAB2005F6813 /* View Controller */,
				9B2197612BD1CA9F005F6813 /* Custom Views */,
				9B2197632BD1CABE005F6813 /* Model */,
				9B0AF0C92BD048E3009F893D /* Preview Content */,
			);
			path = FirstStep;
			sourceTree = "<group>";
		};
		9B0AF0C92BD048E3009F893D /* Preview Content */ = {
			isa = PBXGroup;
			children = (
				9B0AF0CA2BD048E3009F893D /* Preview Assets.xcassets */,
			);
			path = "Preview Content";
			sourceTree = "<group>";
		};
		9B2197612BD1CA9F005F6813 /* Custom Views */ = {
			isa = PBXGroup;
			children = (
				9B4474162BD3898B00918836 /* CardView.swift */,
			);
			path = "Custom Views";
			sourceTree = "<group>";
		};
		9B2197622BD1CAB2005F6813 /* View Controller */ = {
			isa = PBXGroup;
			children = (
				9B0AF0C52BD048E2009F893D /* ContentView.swift */,
				9B2197702BD1DC59005F6813 /* NewHabitView.swift */,
				9BD9CDA42BDB175A002C09D4 /* EditHabit.swift */,
				9BD9CDA62BDC76BF002C09D4 /* HabitSortView.swift */,
			);
			path = "View Controller";
			sourceTree = "<group>";
		};
		9B2197632BD1CABE005F6813 /* Model */ = {
			isa = PBXGroup;
			children = (
				9B0AF0D12BD093BD009F893D /* Habits.swift */,
			);
			path = Model;
			sourceTree = "<group>";
		};
		9B2197642BD1CAC6005F6813 /* Utility */ = {
			isa = PBXGroup;
			children = (
				9B0AF0C32BD048E2009F893D /* FirstStepApp.swift */,
				9B4474142BD3164500918836 /* ImagePicker.swift */,
				9B0AF0C72BD048E3009F893D /* Assets.xcassets */,
			);
			path = Utility;
			sourceTree = "<group>";
		};
		9B21976B2BD1CF8C005F6813 /* Extensions */ = {
			isa = PBXGroup;
			children = (
				9B21976C2BD1CFA8005F6813 /* UIView+Ext.swift */,
				9B2197722BD22C68005F6813 /* Color+Ext.swift */,
				9B6D4BE52BE1CFC900CFAAC7 /* TextSize+Ext.swift */,
			);
			path = Extensions;
			sourceTree = "<group>";
		};
/* End PBXGroup section */

/* Begin PBXNativeTarget section */
		9B0AF0BF2BD048E2009F893D /* FirstStep */ = {
			isa = PBXNativeTarget;
			buildConfigurationList = 9B0AF0CE2BD048E3009F893D /* Build configuration list for PBXNativeTarget "FirstStep" */;
			buildPhases = (
				9B0AF0BC2BD048E2009F893D /* Sources */,
				9B0AF0BD2BD048E2009F893D /* Frameworks */,
				9B0AF0BE2BD048E2009F893D /* Resources */,
			);
			buildRules = (
			);
			dependencies = (
			);
			name = FirstStep;
			productName = FirstStep;
			productReference = 9B0AF0C02BD048E2009F893D /* FirstStep.app */;
			productType = "com.apple.product-type.application";
		};
/* End PBXNativeTarget section */

/* Begin PBXProject section */
		9B0AF0B82BD048E2009F893D /* Project object */ = {
			isa = PBXProject;
			attributes = {
				BuildIndependentTargetsInParallel = 1;
				LastSwiftUpdateCheck = 1530;
				LastUpgradeCheck = 1530;
				TargetAttributes = {
					9B0AF0BF2BD048E2009F893D = {
						CreatedOnToolsVersion = 15.3;
					};
				};
			};
			buildConfigurationList = 9B0AF0BB2BD048E2009F893D /* Build configuration list for PBXProject "FirstStep" */;
			compatibilityVersion = "Xcode 14.0";
			developmentRegion = en;
			hasScannedForEncodings = 0;
			knownRegions = (
				en,
				Base,
			);
			mainGroup = 9B0AF0B72BD048E2009F893D;
			productRefGroup = 9B0AF0C12BD048E2009F893D /* Products */;
			projectDirPath = "";
			projectRoot = "";
			targets = (
				9B0AF0BF2BD048E2009F893D /* FirstStep */,
			);
		};
/* End PBXProject section */

/* Begin PBXResourcesBuildPhase section */
		9B0AF0BE2BD048E2009F893D /* Resources */ = {
			isa = PBXResourcesBuildPhase;
			buildActionMask = 2147483647;
			files = (
				9B0AF0CB2BD048E3009F893D /* Preview Assets.xcassets in Resources */,
				9B0AF0C82BD048E3009F893D /* Assets.xcassets in Resources */,
			);
			runOnlyForDeploymentPostprocessing = 0;
		};
/* End PBXResourcesBuildPhase section */

/* Begin PBXSourcesBuildPhase section */
		9B0AF0BC2BD048E2009F893D /* Sources */ = {
			isa = PBXSourcesBuildPhase;
			buildActionMask = 2147483647;
			files = (
				9BD9CDA52BDB175A002C09D4 /* EditHabit.swift in Sources */,
				9BD9CDA72BDC76BF002C09D4 /* HabitSortView.swift in Sources */,
				9B21976D2BD1CFA8005F6813 /* UIView+Ext.swift in Sources */,
				9B4474172BD3898B00918836 /* CardView.swift in Sources */,
				9B2197712BD1DC59005F6813 /* NewHabitView.swift in Sources */,
				9B4474152BD3164500918836 /* ImagePicker.swift in Sources */,
				9B6D4BE62BE1CFC900CFAAC7 /* TextSize+Ext.swift in Sources */,
				9B0AF0C62BD048E2009F893D /* ContentView.swift in Sources */,
				9B0AF0C42BD048E2009F893D /* FirstStepApp.swift in Sources */,
				9B2197732BD22C68005F6813 /* Color+Ext.swift in Sources */,
				9B0AF0D22BD093BD009F893D /* Habits.swift in Sources */,
			);
			runOnlyForDeploymentPostprocessing = 0;
		};
/* End PBXSourcesBuildPhase section */

/* Begin XCBuildConfiguration section */
		9B0AF0CC2BD048E3009F893D /* Debug */ = {
			isa = XCBuildConfiguration;
			buildSettings = {
				ALWAYS_SEARCH_USER_PATHS = NO;
				ASSETCATALOG_COMPILER_GENERATE_SWIFT_ASSET_SYMBOL_EXTENSIONS = YES;
				CLANG_ANALYZER_NONNULL = YES;
				CLANG_ANALYZER_NUMBER_OBJECT_CONVERSION = YES_AGGRESSIVE;
				CLANG_CXX_LANGUAGE_STANDARD = "gnu++20";
				CLANG_ENABLE_MODULES = YES;
				CLANG_ENABLE_OBJC_ARC = YES;
				CLANG_ENABLE_OBJC_WEAK = YES;
				CLANG_WARN_BLOCK_CAPTURE_AUTORELEASING = YES;
				CLANG_WARN_BOOL_CONVERSION = YES;
				CLANG_WARN_COMMA = YES;
				CLANG_WARN_CONSTANT_CONVERSION = YES;
				CLANG_WARN_DEPRECATED_OBJC_IMPLEMENTATIONS = YES;
				CLANG_WARN_DIRECT_OBJC_ISA_USAGE = YES_ERROR;
				CLANG_WARN_DOCUMENTATION_COMMENTS = YES;
				CLANG_WARN_EMPTY_BODY = YES;
				CLANG_WARN_ENUM_CONVERSION = YES;
				CLANG_WARN_INFINITE_RECURSION = YES;
				CLANG_WARN_INT_CONVERSION = YES;
				CLANG_WARN_NON_LITERAL_NULL_CONVERSION = YES;
				CLANG_WARN_OBJC_IMPLICIT_RETAIN_SELF = YES;
				CLANG_WARN_OBJC_LITERAL_CONVERSION = YES;
				CLANG_WARN_OBJC_ROOT_CLASS = YES_ERROR;
				CLANG_WARN_QUOTED_INCLUDE_IN_FRAMEWORK_HEADER = YES;
				CLANG_WARN_RANGE_LOOP_ANALYSIS = YES;
				CLANG_WARN_STRICT_PROTOTYPES = YES;
				CLANG_WARN_SUSPICIOUS_MOVE = YES;
				CLANG_WARN_UNGUARDED_AVAILABILITY = YES_AGGRESSIVE;
				CLANG_WARN_UNREACHABLE_CODE = YES;
				CLANG_WARN__DUPLICATE_METHOD_MATCH = YES;
				COPY_PHASE_STRIP = NO;
				DEBUG_INFORMATION_FORMAT = dwarf;
				ENABLE_STRICT_OBJC_MSGSEND = YES;
				ENABLE_TESTABILITY = YES;
				ENABLE_USER_SCRIPT_SANDBOXING = YES;
				GCC_C_LANGUAGE_STANDARD = gnu17;
				GCC_DYNAMIC_NO_PIC = NO;
				GCC_NO_COMMON_BLOCKS = YES;
				GCC_OPTIMIZATION_LEVEL = 0;
				GCC_PREPROCESSOR_DEFINITIONS = (
					"DEBUG=1",
					"$(inherited)",
				);
				GCC_WARN_64_TO_32_BIT_CONVERSION = YES;
				GCC_WARN_ABOUT_RETURN_TYPE = YES_ERROR;
				GCC_WARN_UNDECLARED_SELECTOR = YES;
				GCC_WARN_UNINITIALIZED_AUTOS = YES_AGGRESSIVE;
				GCC_WARN_UNUSED_FUNCTION = YES;
				GCC_WARN_UNUSED_VARIABLE = YES;
				IPHONEOS_DEPLOYMENT_TARGET = 17.4;
				LOCALIZATION_PREFERS_STRING_CATALOGS = YES;
				MTL_ENABLE_DEBUG_INFO = INCLUDE_SOURCE;
				MTL_FAST_MATH = YES;
				ONLY_ACTIVE_ARCH = YES;
				SDKROOT = iphoneos;
				SWIFT_ACTIVE_COMPILATION_CONDITIONS = "DEBUG $(inherited)";
				SWIFT_OPTIMIZATION_LEVEL = "-Onone";
			};
			name = Debug;
		};
		9B0AF0CD2BD048E3009F893D /* Release */ = {
			isa = XCBuildConfiguration;
			buildSettings = {
				ALWAYS_SEARCH_USER_PATHS = NO;
				ASSETCATALOG_COMPILER_GENERATE_SWIFT_ASSET_SYMBOL_EXTENSIONS = YES;
				CLANG_ANALYZER_NONNULL = YES;
				CLANG_ANALYZER_NUMBER_OBJECT_CONVERSION = YES_AGGRESSIVE;
				CLANG_CXX_LANGUAGE_STANDARD = "gnu++20";
				CLANG_ENABLE_MODULES = YES;
				CLANG_ENABLE_OBJC_ARC = YES;
				CLANG_ENABLE_OBJC_WEAK = YES;
				CLANG_WARN_BLOCK_CAPTURE_AUTORELEASING = YES;
				CLANG_WARN_BOOL_CONVERSION = YES;
				CLANG_WARN_COMMA = YES;
				CLANG_WARN_CONSTANT_CONVERSION = YES;
				CLANG_WARN_DEPRECATED_OBJC_IMPLEMENTATIONS = YES;
				CLANG_WARN_DIRECT_OBJC_ISA_USAGE = YES_ERROR;
				CLANG_WARN_DOCUMENTATION_COMMENTS = YES;
				CLANG_WARN_EMPTY_BODY = YES;
				CLANG_WARN_ENUM_CONVERSION = YES;
				CLANG_WARN_INFINITE_RECURSION = YES;
				CLANG_WARN_INT_CONVERSION = YES;
				CLANG_WARN_NON_LITERAL_NULL_CONVERSION = YES;
				CLANG_WARN_OBJC_IMPLICIT_RETAIN_SELF = YES;
				CLANG_WARN_OBJC_LITERAL_CONVERSION = YES;
				CLANG_WARN_OBJC_ROOT_CLASS = YES_ERROR;
				CLANG_WARN_QUOTED_INCLUDE_IN_FRAMEWORK_HEADER = YES;
				CLANG_WARN_RANGE_LOOP_ANALYSIS = YES;
				CLANG_WARN_STRICT_PROTOTYPES = YES;
				CLANG_WARN_SUSPICIOUS_MOVE = YES;
				CLANG_WARN_UNGUARDED_AVAILABILITY = YES_AGGRESSIVE;
				CLANG_WARN_UNREACHABLE_CODE = YES;
				CLANG_WARN__DUPLICATE_METHOD_MATCH = YES;
				COPY_PHASE_STRIP = NO;
				DEBUG_INFORMATION_FORMAT = "dwarf-with-dsym";
				ENABLE_NS_ASSERTIONS = NO;
				ENABLE_STRICT_OBJC_MSGSEND = YES;
				ENABLE_USER_SCRIPT_SANDBOXING = YES;
				GCC_C_LANGUAGE_STANDARD = gnu17;
				GCC_NO_COMMON_BLOCKS = YES;
				GCC_WARN_64_TO_32_BIT_CONVERSION = YES;
				GCC_WARN_ABOUT_RETURN_TYPE = YES_ERROR;
				GCC_WARN_UNDECLARED_SELECTOR = YES;
				GCC_WARN_UNINITIALIZED_AUTOS = YES_AGGRESSIVE;
				GCC_WARN_UNUSED_FUNCTION = YES;
				GCC_WARN_UNUSED_VARIABLE = YES;
				IPHONEOS_DEPLOYMENT_TARGET = 17.4;
				LOCALIZATION_PREFERS_STRING_CATALOGS = YES;
				MTL_ENABLE_DEBUG_INFO = NO;
				MTL_FAST_MATH = YES;
				SDKROOT = iphoneos;
				SWIFT_COMPILATION_MODE = wholemodule;
				VALIDATE_PRODUCT = YES;
			};
			name = Release;
		};
		9B0AF0CF2BD048E3009F893D /* Debug */ = {
			isa = XCBuildConfiguration;
			buildSettings = {
				ASSETCATALOG_COMPILER_APPICON_NAME = AppIcon;
				ASSETCATALOG_COMPILER_GLOBAL_ACCENT_COLOR_NAME = AccentColor;
				CODE_SIGN_STYLE = Automatic;
				CURRENT_PROJECT_VERSION = 1;
				DEVELOPMENT_ASSET_PATHS = "\"FirstStep/Preview Content\"";
				DEVELOPMENT_TEAM = Q2MQTLB8FK;
				ENABLE_PREVIEWS = YES;
				GENERATE_INFOPLIST_FILE = YES;
				INFOPLIST_KEY_UIApplicationSceneManifest_Generation = YES;
				INFOPLIST_KEY_UIApplicationSupportsIndirectInputEvents = YES;
				INFOPLIST_KEY_UILaunchScreen_Generation = YES;
				INFOPLIST_KEY_UISupportedInterfaceOrientations = UIInterfaceOrientationPortrait;
				INFOPLIST_KEY_UISupportedInterfaceOrientations_iPad = "UIInterfaceOrientationLandscapeLeft UIInterfaceOrientationLandscapeRight UIInterfaceOrientationPortrait UIInterfaceOrientationPortraitUpsideDown";
				LD_RUNPATH_SEARCH_PATHS = (
					"$(inherited)",
					"@executable_path/Frameworks",
				);
				MARKETING_VERSION = 1.0;
				PRODUCT_BUNDLE_IDENTIFIER = "jared-murray.FirstStep";
				PRODUCT_NAME = "$(TARGET_NAME)";
				SWIFT_EMIT_LOC_STRINGS = YES;
				SWIFT_OPTIMIZATION_LEVEL = "-Onone";
				SWIFT_VERSION = 5.0;
				TARGETED_DEVICE_FAMILY = "1,2";
			};
			name = Debug;
		};
		9B0AF0D02BD048E3009F893D /* Release */ = {
			isa = XCBuildConfiguration;
			buildSettings = {
				ASSETCATALOG_COMPILER_APPICON_NAME = AppIcon;
				ASSETCATALOG_COMPILER_GLOBAL_ACCENT_COLOR_NAME = AccentColor;
				CODE_SIGN_STYLE = Automatic;
				CURRENT_PROJECT_VERSION = 1;
				DEVELOPMENT_ASSET_PATHS = "\"FirstStep/Preview Content\"";
				DEVELOPMENT_TEAM = Q2MQTLB8FK;
				ENABLE_PREVIEWS = YES;
				GENERATE_INFOPLIST_FILE = YES;
				INFOPLIST_KEY_UIApplicationSceneManifest_Generation = YES;
				INFOPLIST_KEY_UIApplicationSupportsIndirectInputEvents = YES;
				INFOPLIST_KEY_UILaunchScreen_Generation = YES;
				INFOPLIST_KEY_UISupportedInterfaceOrientations = UIInterfaceOrientationPortrait;
				INFOPLIST_KEY_UISupportedInterfaceOrientations_iPad = "UIInterfaceOrientationLandscapeLeft UIInterfaceOrientationLandscapeRight UIInterfaceOrientationPortrait UIInterfaceOrientationPortraitUpsideDown";
				LD_RUNPATH_SEARCH_PATHS = (
					"$(inherited)",
					"@executable_path/Frameworks",
				);
				MARKETING_VERSION = 1.0;
				PRODUCT_BUNDLE_IDENTIFIER = "jared-murray.FirstStep";
				PRODUCT_NAME = "$(TARGET_NAME)";
				SWIFT_EMIT_LOC_STRINGS = YES;
				SWIFT_OPTIMIZATION_LEVEL = "-O";
				SWIFT_VERSION = 5.0;
				TARGETED_DEVICE_FAMILY = "1,2";
			};
			name = Release;
		};
/* End XCBuildConfiguration section */

/* Begin XCConfigurationList section */
		9B0AF0BB2BD048E2009F893D /* Build configuration list for PBXProject "FirstStep" */ = {
			isa = XCConfigurationList;
			buildConfigurations = (
				9B0AF0CC2BD048E3009F893D /* Debug */,
				9B0AF0CD2BD048E3009F893D /* Release */,
			);
			defaultConfigurationIsVisible = 0;
			defaultConfigurationName = Release;
		};
		9B0AF0CE2BD048E3009F893D /* Build configuration list for PBXNativeTarget "FirstStep" */ = {
			isa = XCConfigurationList;
			buildConfigurations = (
				9B0AF0CF2BD048E3009F893D /* Debug */,
				9B0AF0D02BD048E3009F893D /* Release */,
			);
			defaultConfigurationIsVisible = 0;
			defaultConfigurationName = Release;
		};
/* End XCConfigurationList section */
	};
	rootObject = 9B0AF0B82BD048E2009F893D /* Project object */;
}
